
Microsoft Visual Studio Solution File, Format Version 12.00
# Visual Studio Version 17
VisualStudioVersion = 17.14.36414.22 d17.14
MinimumVisualStudioVersion = 10.0.40219.1
Project("{FAE04EC0-301F-11D3-BF4B-00C04F79EFBC}") = "Sistema NK", "Sistema NK\Sistema NK.csproj", "{1226A31F-41C1-4455-B239-F05BB13ACB19}"
EndProject
Global
	GlobalSection(SolutionConfigurationPlatforms) = preSolution
		Debug|Any CPU = Debug|Any CPU
		Release|Any CPU = Release|Any CPU
	EndGlobalSection
	GlobalSection(ProjectConfigurationPlatforms) = postSolution
		{1226A31F-41C1-4455-B239-F05BB13ACB19}.Debug|Any CPU.ActiveCfg = Debug|Any CPU
		{1226A31F-41C1-4455-B239-F05BB13ACB19}.Debug|Any CPU.Build.0 = Debug|Any CPU
		{1226A31F-41C1-4455-B239-F05BB13ACB19}.Release|Any CPU.ActiveCfg = Release|Any CPU
		{1226A31F-41C1-4455-B239-F05BB13ACB19}.Release|Any CPU.Build.0 = Release|Any CPU
	EndGlobalSection
	GlobalSection(SolutionProperties) = preSolution
		HideSolutionNode = FALSE
	EndGlobalSection
	GlobalSection(ExtensibilityGlobals) = postSolution
		SolutionGuid = {3F3B84C2-D5C0-43C5-B808-2F62F21056E3}
	EndGlobalSection
EndGlobal
